{
	"name": "@bimo/target-ts",
	"version": "0.2.0",
	"lockfileVersion": 1,
	"requires": true,
	"dependencies": {
		"@types/mustache": {
			"version": "4.0.0",
			"resolved": "https://registry.npmjs.org/@types/mustache/-/mustache-4.0.0.tgz",
			"integrity": "sha512-AVBOcLJenbpCIJcHUvGWj+YMlaiwcFlGK1YEH2mePXkB5B/vQLrFkHG9IpBH71mXnkbibc4V8Nnn1wJSxcgCEA==",
			"dev": true
		},
		"@types/node": {
			"version": "12.12.25",
			"resolved": "https://registry.npmjs.org/@types/node/-/node-12.12.25.tgz",
			"integrity": "sha512-nf1LMGZvgFX186geVZR1xMZKKblJiRfiASTHw85zED2kI1yDKHDwTKMdkaCbTlXoRKlGKaDfYywt+V0As30q3w==",
			"dev": true
		},
		"mustache": {
			"version": "4.0.0",
			"resolved": "https://registry.npmjs.org/mustache/-/mustache-4.0.0.tgz",
			"integrity": "sha512-FJgjyX/IVkbXBXYUwH+OYwQKqWpFPLaLVESd70yHjSDunwzV2hZOoTBvPf4KLoxesUzzyfTH6F784Uqd7Wm5yA=="
		},
		"typescript": {
			"version": "3.7.5",
			"resolved": "https://registry.npmjs.org/typescript/-/typescript-3.7.5.tgz",
			"integrity": "sha512-/P5lkRXkWHNAbcJIiHPfRoKqyd7bsyCma1hZNUGfn20qm64T6ZBlrzprymeu918H+mB/0rIg2gGK/BXkhhYgBw==",
			"dev": true
		}
	}
}
